
Microsoft Visual Studio Solution File, Format Version 12.00
# Visual Studio Version 17
VisualStudioVersion = 17.6.33723.286
MinimumVisualStudioVersion = 10.0.40219.1
Project("{FAE04EC0-301F-11D3-BF4B-00C04F79EFBC}") = "MVCInjectionDependency2", "MVCInjectionDependency2\MVCInjectionDependency2.csproj", "{5CC11014-AA0B-49FC-8510-8EDD118F43F3}"
EndProject
Global
	GlobalSection(SolutionConfigurationPlatforms) = preSolution
		Debug|Any CPU = Debug|Any CPU
		Release|Any CPU = Release|Any CPU
	EndGlobalSection
	GlobalSection(ProjectConfigurationPlatforms) = postSolution
		{5CC11014-AA0B-49FC-8510-8EDD118F43F3}.Debug|Any CPU.ActiveCfg = Debug|Any CPU
		{5CC11014-AA0B-49FC-8510-8EDD118F43F3}.Debug|Any CPU.Build.0 = Debug|Any CPU
		{5CC11014-AA0B-49FC-8510-8EDD118F43F3}.Release|Any CPU.ActiveCfg = Release|Any CPU
		{5CC11014-AA0B-49FC-8510-8EDD118F43F3}.Release|Any CPU.Build.0 = Release|Any CPU
	EndGlobalSection
	GlobalSection(SolutionProperties) = preSolution
		HideSolutionNode = FALSE
	EndGlobalSection
	GlobalSection(ExtensibilityGlobals) = postSolution
		SolutionGuid = {B6DEDC8F-9FC7-4A50-B0E3-4F38FA22D19D}
	EndGlobalSection
EndGlobal
