
Microsoft Visual Studio Solution File, Format Version 12.00
# Visual Studio Version 17
VisualStudioVersion = 17.6.33723.286
MinimumVisualStudioVersion = 10.0.40219.1
Project("{FAE04EC0-301F-11D3-BF4B-00C04F79EFBC}") = "MVCInjectionDependency", "MVCInjectionDependency\MVCInjectionDependency.csproj", "{39FAA09C-618D-40D8-8F5F-8919AB5FD974}"
EndProject
Global
	GlobalSection(SolutionConfigurationPlatforms) = preSolution
		Debug|Any CPU = Debug|Any CPU
		Release|Any CPU = Release|Any CPU
	EndGlobalSection
	GlobalSection(ProjectConfigurationPlatforms) = postSolution
		{39FAA09C-618D-40D8-8F5F-8919AB5FD974}.Debug|Any CPU.ActiveCfg = Debug|Any CPU
		{39FAA09C-618D-40D8-8F5F-8919AB5FD974}.Debug|Any CPU.Build.0 = Debug|Any CPU
		{39FAA09C-618D-40D8-8F5F-8919AB5FD974}.Release|Any CPU.ActiveCfg = Release|Any CPU
		{39FAA09C-618D-40D8-8F5F-8919AB5FD974}.Release|Any CPU.Build.0 = Release|Any CPU
	EndGlobalSection
	GlobalSection(SolutionProperties) = preSolution
		HideSolutionNode = FALSE
	EndGlobalSection
	GlobalSection(ExtensibilityGlobals) = postSolution
		SolutionGuid = {027EA8C1-0833-4B7F-A419-1882EC556656}
	EndGlobalSection
EndGlobal
